
Microsoft Visual Studio Solution File, Format Version 12.00
# Visual Studio Version 16
VisualStudioVersion = 16.0.30104.148
MinimumVisualStudioVersion = 10.0.40219.1
Project("{FAE04EC0-301F-11D3-BF4B-00C04F79EFBC}") = "RetirementSimulator", "RetirementSimulator\RetirementSimulator.csproj", "{144670CB-6396-488C-A76D-2E03A3B69E78}"
EndProject
Project("{FAE04EC0-301F-11D3-BF4B-00C04F79EFBC}") = "RetirementSimulator.Core", "RetirementSimulator.Core\RetirementSimulator.Core.csproj", "{C641E7C4-1801-47B3-80EE-037C3D8D5FB3}"
EndProject
Project("{FAE04EC0-301F-11D3-BF4B-00C04F79EFBC}") = "RetirementSimulator.CoreTests", "RetirementSimulator.CoreTests\RetirementSimulator.CoreTests.csproj", "{32F88A6F-8E41-4B41-9E97-5B8986A04FB6}"
EndProject
Global
	GlobalSection(SolutionConfigurationPlatforms) = preSolution
		Debug|Any CPU = Debug|Any CPU
		Release|Any CPU = Release|Any CPU
	EndGlobalSection
	GlobalSection(ProjectConfigurationPlatforms) = postSolution
		{144670CB-6396-488C-A76D-2E03A3B69E78}.Debug|Any CPU.ActiveCfg = Debug|Any CPU
		{144670CB-6396-488C-A76D-2E03A3B69E78}.Debug|Any CPU.Build.0 = Debug|Any CPU
		{144670CB-6396-488C-A76D-2E03A3B69E78}.Release|Any CPU.ActiveCfg = Release|Any CPU
		{144670CB-6396-488C-A76D-2E03A3B69E78}.Release|Any CPU.Build.0 = Release|Any CPU
		{C641E7C4-1801-47B3-80EE-037C3D8D5FB3}.Debug|Any CPU.ActiveCfg = Debug|Any CPU
		{C641E7C4-1801-47B3-80EE-037C3D8D5FB3}.Debug|Any CPU.Build.0 = Debug|Any CPU
		{C641E7C4-1801-47B3-80EE-037C3D8D5FB3}.Release|Any CPU.ActiveCfg = Release|Any CPU
		{C641E7C4-1801-47B3-80EE-037C3D8D5FB3}.Release|Any CPU.Build.0 = Release|Any CPU
		{32F88A6F-8E41-4B41-9E97-5B8986A04FB6}.Debug|Any CPU.ActiveCfg = Debug|Any CPU
		{32F88A6F-8E41-4B41-9E97-5B8986A04FB6}.Debug|Any CPU.Build.0 = Debug|Any CPU
		{32F88A6F-8E41-4B41-9E97-5B8986A04FB6}.Release|Any CPU.ActiveCfg = Release|Any CPU
		{32F88A6F-8E41-4B41-9E97-5B8986A04FB6}.Release|Any CPU.Build.0 = Release|Any CPU
	EndGlobalSection
	GlobalSection(SolutionProperties) = preSolution
		HideSolutionNode = FALSE
	EndGlobalSection
	GlobalSection(ExtensibilityGlobals) = postSolution
		SolutionGuid = {F6ADA851-4614-4D48-8F2D-876DA0A24EA2}
	EndGlobalSection
EndGlobal
